
Microsoft Visual Studio Solution File, Format Version 12.00
# Visual Studio 15
VisualStudioVersion = 15.0.27004.2006
MinimumVisualStudioVersion = 10.0.40219.1
Project("{FAE04EC0-301F-11D3-BF4B-00C04F79EFBC}") = "practiceOOP", "practiceOOP\practiceOOP.csproj", "{A94D3016-363E-4375-8C28-37AF5B1F0B89}"
EndProject
Global
	GlobalSection(SolutionConfigurationPlatforms) = preSolution
		Debug|Any CPU = Debug|Any CPU
		Release|Any CPU = Release|Any CPU
	EndGlobalSection
	GlobalSection(ProjectConfigurationPlatforms) = postSolution
		{A94D3016-363E-4375-8C28-37AF5B1F0B89}.Debug|Any CPU.ActiveCfg = Debug|Any CPU
		{A94D3016-363E-4375-8C28-37AF5B1F0B89}.Debug|Any CPU.Build.0 = Debug|Any CPU
		{A94D3016-363E-4375-8C28-37AF5B1F0B89}.Release|Any CPU.ActiveCfg = Release|Any CPU
		{A94D3016-363E-4375-8C28-37AF5B1F0B89}.Release|Any CPU.Build.0 = Release|Any CPU
	EndGlobalSection
	GlobalSection(SolutionProperties) = preSolution
		HideSolutionNode = FALSE
	EndGlobalSection
	GlobalSection(ExtensibilityGlobals) = postSolution
		SolutionGuid = {77F79884-4182-4CB0-90BC-80653E898413}
	EndGlobalSection
EndGlobal
